// !$*UTF8*$!
{
	archiveVersion = 1;
	classes = {
	};
	objectVersion = 46;
	objects = {

/* Begin PBXBuildFile section */
		5A58463B1B50A87700BF174E /* AppDelegate.swift in Sources */ = {isa = PBXBuildFile; fileRef = 5A58463A1B50A87700BF174E /* AppDelegate.swift */; };
		5A58463D1B50A87700BF174E /* ViewController.swift in Sources */ = {isa = PBXBuildFile; fileRef = 5A58463C1B50A87700BF174E /* ViewController.swift */; };
		5A5846401B50A87700BF174E /* Main.storyboard in Resources */ = {isa = PBXBuildFile; fileRef = 5A58463E1B50A87700BF174E /* Main.storyboard */; };
		5A5846421B50A87700BF174E /* Images.xcassets in Resources */ = {isa = PBXBuildFile; fileRef = 5A5846411B50A87700BF174E /* Images.xcassets */; };
		5A5846451B50A87700BF174E /* LaunchScreen.xib in Resources */ = {isa = PBXBuildFile; fileRef = 5A5846431B50A87700BF174E /* LaunchScreen.xib */; };
		5A5846511B50A87700BF174E /* catyearsTests.swift in Sources */ = {isa = PBXBuildFile; fileRef = 5A5846501B50A87700BF174E /* catyearsTests.swift */; };
/* End PBXBuildFile section */

/* Begin PBXContainerItemProxy section */
		5A58464B1B50A87700BF174E /* PBXContainerItemProxy */ = {
			isa = PBXContainerItemProxy;
			containerPortal = 5A58462D1B50A87700BF174E /* Project object */;
			proxyType = 1;
			remoteGlobalIDString = 5A5846341B50A87700BF174E;
			remoteInfo = catyears;
		};
/* End PBXContainerItemProxy section */

/* Begin PBXFileReference section */
		5A5846351B50A87700BF174E /* catyears.app */ = {isa = PBXFileReference; explicitFileType = wrapper.application; includeInIndex = 0; path = catyears.app; sourceTree = BUILT_PRODUCTS_DIR; };
		5A5846391B50A87700BF174E /* Info.plist */ = {isa = PBXFileReference; lastKnownFileType = text.plist.xml; path = Info.plist; sourceTree = "<group>"; };
		5A58463A1B50A87700BF174E /* AppDelegate.swift */ = {isa = PBXFileReference; lastKnownFileType = sourcecode.swift; path = AppDelegate.swift; sourceTree = "<group>"; };
		5A58463C1B50A87700BF174E /* ViewController.swift */ = {isa = PBXFileReference; lastKnownFileType = sourcecode.swift; path = ViewController.swift; sourceTree = "<group>"; };
		5A58463F1B50A87700BF174E /* Base */ = {isa = PBXFileReference; lastKnownFileType = file.storyboard; name = Base; path = Base.lproj/Main.storyboard; sourceTree = "<group>"; };
		5A5846411B50A87700BF174E /* Images.xcassets */ = {isa = PBXFileReference; lastKnownFileType = folder.assetcatalog; path = Images.xcassets; sourceTree = "<group>"; };
		5A5846441B50A87700BF174E /* Base */ = {isa = PBXFileReference; lastKnownFileType = file.xib; name = Base; path = Base.lproj/LaunchScreen.xib; sourceTree = "<group>"; };
		5A58464A1B50A87700BF174E /* catyearsTests.xctest */ = {isa = PBXFileReference; explicitFileType = wrapper.cfbundle; includeInIndex = 0; path = catyearsTests.xctest; sourceTree = BUILT_PRODUCTS_DIR; };
		5A58464F1B50A87700BF174E /* Info.plist */ = {isa = PBXFileReference; lastKnownFileType = text.plist.xml; path = Info.plist; sourceTree = "<group>"; };
		5A5846501B50A87700BF174E /* catyearsTests.swift */ = {isa = PBXFileReference; lastKnownFileType = sourcecode.swift; path = catyearsTests.swift; sourceTree = "<group>"; };
/* End PBXFileReference section */

/* Begin PBXFrameworksBuildPhase section */
		5A5846321B50A87700BF174E /* Frameworks */ = {
			isa = PBXFrameworksBuildPhase;
			buildActionMask = 2147483647;
			files = (
			);
			runOnlyForDeploymentPostprocessing = 0;
		};
		5A5846471B50A87700BF174E /* Frameworks */ = {
			isa = PBXFrameworksBuildPhase;
			buildActionMask = 2147483647;
			files = (
			);
			runOnlyForDeploymentPostprocessing = 0;
		};
/* End PBXFrameworksBuildPhase section */

/* Begin PBXGroup section */
		5A58462C1B50A87700BF174E = {
			isa = PBXGroup;
			children = (
				5A5846371B50A87700BF174E /* catyears */,
				5A58464D1B50A87700BF174E /* catyearsTests */,
				5A5846361B50A87700BF174E /* Products */,
			);
			sourceTree = "<group>";
		};
		5A5846361B50A87700BF174E /* Products */ = {
			isa = PBXGroup;
			children = (
				5A5846351B50A87700BF174E /* catyears.app */,
				5A58464A1B50A87700BF174E /* catyearsTests.xctest */,
			);
			name = Products;
			sourceTree = "<group>";
		};
		5A5846371B50A87700BF174E /* catyears */ = {
			isa = PBXGroup;
			children = (
				5A58463A1B50A87700BF174E /* AppDelegate.swift */,
				5A58463C1B50A87700BF174E /* ViewController.swift */,
				5A58463E1B50A87700BF174E /* Main.storyboard */,
				5A5846411B50A87700BF174E /* Images.xcassets */,
				5A5846431B50A87700BF174E /* LaunchScreen.xib */,
				5A5846381B50A87700BF174E /* Supporting Files */,
			);
			path = catyears;
			sourceTree = "<group>";
		};
		5A5846381B50A87700BF174E /* Supporting Files */ = {
			isa = PBXGroup;
			children = (
				5A5846391B50A87700BF174E /* Info.plist */,
			);
			name = "Supporting Files";
			sourceTree = "<group>";
		};
		5A58464D1B50A87700BF174E /* catyearsTests */ = {
			isa = PBXGroup;
			children = (
				5A5846501B50A87700BF174E /* catyearsTests.swift */,
				5A58464E1B50A87700BF174E /* Supporting Files */,
			);
			path = catyearsTests;
			sourceTree = "<group>";
		};
		5A58464E1B50A87700BF174E /* Supporting Files */ = {
			isa = PBXGroup;
			children = (
				5A58464F1B50A87700BF174E /* Info.plist */,
			);
			name = "Supporting Files";
			sourceTree = "<group>";
		};
/* End PBXGroup section */

/* Begin PBXNativeTarget section */
		5A5846341B50A87700BF174E /* catyears */ = {
			isa = PBXNativeTarget;
			buildConfigurationList = 5A5846541B50A87800BF174E /* Build configuration list for PBXNativeTarget "catyears" */;
			buildPhases = (
				5A5846311B50A87700BF174E /* Sources */,
				5A5846321B50A87700BF174E /* Frameworks */,
				5A5846331B50A87700BF174E /* Resources */,
			);
			buildRules = (
			);
			dependencies = (
			);
			name = catyears;
			productName = catyears;
			productReference = 5A5846351B50A87700BF174E /* catyears.app */;
			productType = "com.apple.product-type.application";
		};
		5A5846491B50A87700BF174E /* catyearsTests */ = {
			isa = PBXNativeTarget;
			buildConfigurationList = 5A5846571B50A87800BF174E /* Build configuration list for PBXNativeTarget "catyearsTests" */;
			buildPhases = (
				5A5846461B50A87700BF174E /* Sources */,
				5A5846471B50A87700BF174E /* Frameworks */,
				5A5846481B50A87700BF174E /* Resources */,
			);
			buildRules = (
			);
			dependencies = (
				5A58464C1B50A87700BF174E /* PBXTargetDependency */,
			);
			name = catyearsTests;
			productName = catyearsTests;
			productReference = 5A58464A1B50A87700BF174E /* catyearsTests.xctest */;
			productType = "com.apple.product-type.bundle.unit-test";
		};
/* End PBXNativeTarget section */

/* Begin PBXProject section */
		5A58462D1B50A87700BF174E /* Project object */ = {
			isa = PBXProject;
			attributes = {
				LastUpgradeCheck = 0610;
				ORGANIZATIONNAME = "Krish Venkat";
				TargetAttributes = {
					5A5846341B50A87700BF174E = {
						CreatedOnToolsVersion = 6.1.1;
					};
					5A5846491B50A87700BF174E = {
						CreatedOnToolsVersion = 6.1.1;
						TestTargetID = 5A5846341B50A87700BF174E;
					};
				};
			};
			buildConfigurationList = 5A5846301B50A87700BF174E /* Build configuration list for PBXProject "catyears" */;
			compatibilityVersion = "Xcode 3.2";
			developmentRegion = English;
			hasScannedForEncodings = 0;
			knownRegions = (
				en,
				Base,
			);
			mainGroup = 5A58462C1B50A87700BF174E;
			productRefGroup = 5A5846361B50A87700BF174E /* Products */;
			projectDirPath = "";
			projectRoot = "";
			targets = (
				5A5846341B50A87700BF174E /* catyears */,
				5A5846491B50A87700BF174E /* catyearsTests */,
			);
		};
/* End PBXProject section */

/* Begin PBXResourcesBuildPhase section */
		5A5846331B50A87700BF174E /* Resources */ = {
			isa = PBXResourcesBuildPhase;
			buildActionMask = 2147483647;
			files = (
				5A5846401B50A87700BF174E /* Main.storyboard in Resources */,
				5A5846451B50A87700BF174E /* LaunchScreen.xib in Resources */,
				5A5846421B50A87700BF174E /* Images.xcassets in Resources */,
			);
			runOnlyForDeploymentPostprocessing = 0;
		};
		5A5846481B50A87700BF174E /* Resources */ = {
			isa = PBXResourcesBuildPhase;
			buildActionMask = 2147483647;
			files = (
			);
			runOnlyForDeploymentPostprocessing = 0;
		};
/* End PBXResourcesBuildPhase section */

/* Begin PBXSourcesBuildPhase section */
		5A5846311B50A87700BF174E /* Sources */ = {
			isa = PBXSourcesBuildPhase;
			buildActionMask = 2147483647;
			files = (
				5A58463D1B50A87700BF174E /* ViewController.swift in Sources */,
				5A58463B1B50A87700BF174E /* AppDelegate.swift in Sources */,
			);
			runOnlyForDeploymentPostprocessing = 0;
		};
		5A5846461B50A87700BF174E /* Sources */ = {
			isa = PBXSourcesBuildPhase;
			buildActionMask = 2147483647;
			files = (
				5A5846511B50A87700BF174E /* catyearsTests.swift in Sources */,
			);
			runOnlyForDeploymentPostprocessing = 0;
		};
/* End PBXSourcesBuildPhase section */

/* Begin PBXTargetDependency section */
		5A58464C1B50A87700BF174E /* PBXTargetDependency */ = {
			isa = PBXTargetDependency;
			target = 5A5846341B50A87700BF174E /* catyears */;
			targetProxy = 5A58464B1B50A87700BF174E /* PBXContainerItemProxy */;
		};
/* End PBXTargetDependency section */

/* Begin PBXVariantGroup section */
		5A58463E1B50A87700BF174E /* Main.storyboard */ = {
			isa = PBXVariantGroup;
			children = (
				5A58463F1B50A87700BF174E /* Base */,
			);
			name = Main.storyboard;
			sourceTree = "<group>";
		};
		5A5846431B50A87700BF174E /* LaunchScreen.xib */ = {
			isa = PBXVariantGroup;
			children = (
				5A5846441B50A87700BF174E /* Base */,
			);
			name = LaunchScreen.xib;
			sourceTree = "<group>";
		};
/* End PBXVariantGroup section */

/* Begin XCBuildConfiguration section */
		5A5846521B50A87800BF174E /* Debug */ = {
			isa = XCBuildConfiguration;
			buildSettings = {
				ALWAYS_SEARCH_USER_PATHS = NO;
				CLANG_CXX_LANGUAGE_STANDARD = "gnu++0x";
				CLANG_CXX_LIBRARY = "libc++";
				CLANG_ENABLE_MODULES = YES;
				CLANG_ENABLE_OBJC_ARC = YES;
				CLANG_WARN_BOOL_CONVERSION = YES;
				CLANG_WARN_CONSTANT_CONVERSION = YES;
				CLANG_WARN_DIRECT_OBJC_ISA_USAGE = YES_ERROR;
				CLANG_WARN_EMPTY_BODY = YES;
				CLANG_WARN_ENUM_CONVERSION = YES;
				CLANG_WARN_INT_CONVERSION = YES;
				CLANG_WARN_OBJC_ROOT_CLASS = YES_ERROR;
				CLANG_WARN_UNREACHABLE_CODE = YES;
				CLANG_WARN__DUPLICATE_METHOD_MATCH = YES;
				"CODE_SIGN_IDENTITY[sdk=iphoneos*]" = "iPhone Developer";
				COPY_PHASE_STRIP = NO;
				ENABLE_STRICT_OBJC_MSGSEND = YES;
				GCC_C_LANGUAGE_STANDARD = gnu99;
				GCC_DYNAMIC_NO_PIC = NO;
				GCC_OPTIMIZATION_LEVEL = 0;
				GCC_PREPROCESSOR_DEFINITIONS = (
					"DEBUG=1",
					"$(inherited)",
				);
				GCC_SYMBOLS_PRIVATE_EXTERN = NO;
				GCC_WARN_64_TO_32_BIT_CONVERSION = YES;
				GCC_WARN_ABOUT_RETURN_TYPE = YES_ERROR;
				GCC_WARN_UNDECLARED_SELECTOR = YES;
				GCC_WARN_UNINITIALIZED_AUTOS = YES_AGGRESSIVE;
				GCC_WARN_UNUSED_FUNCTION = YES;
				GCC_WARN_UNUSED_VARIABLE = YES;
				IPHONEOS_DEPLOYMENT_TARGET = 8.1;
				MTL_ENABLE_DEBUG_INFO = YES;
				ONLY_ACTIVE_ARCH = YES;
				SDKROOT = iphoneos;
				SWIFT_OPTIMIZATION_LEVEL = "-Onone";
			};
			name = Debug;
		};
		5A5846531B50A87800BF174E /* Release */ = {
			isa = XCBuildConfiguration;
			buildSettings = {
				ALWAYS_SEARCH_USER_PATHS = NO;
				CLANG_CXX_LANGUAGE_STANDARD = "gnu++0x";
				CLANG_CXX_LIBRARY = "libc++";
				CLANG_ENABLE_MODULES = YES;
				CLANG_ENABLE_OBJC_ARC = YES;
				CLANG_WARN_BOOL_CONVERSION = YES;
				CLANG_WARN_CONSTANT_CONVERSION = YES;
				CLANG_WARN_DIRECT_OBJC_ISA_USAGE = YES_ERROR;
				CLANG_WARN_EMPTY_BODY = YES;
				CLANG_WARN_ENUM_CONVERSION = YES;
				CLANG_WARN_INT_CONVERSION = YES;
				CLANG_WARN_OBJC_ROOT_CLASS = YES_ERROR;
				CLANG_WARN_UNREACHABLE_CODE = YES;
				CLANG_WARN__DUPLICATE_METHOD_MATCH = YES;
				"CODE_SIGN_IDENTITY[sdk=iphoneos*]" = "iPhone Developer";
				COPY_PHASE_STRIP = YES;
				ENABLE_NS_ASSERTIONS = NO;
				ENABLE_STRICT_OBJC_MSGSEND = YES;
				GCC_C_LANGUAGE_STANDARD = gnu99;
				GCC_WARN_64_TO_32_BIT_CONVERSION = YES;
				GCC_WARN_ABOUT_RETURN_TYPE = YES_ERROR;
				GCC_WARN_UNDECLARED_SELECTOR = YES;
				GCC_WARN_UNINITIALIZED_AUTOS = YES_AGGRESSIVE;
				GCC_WARN_UNUSED_FUNCTION = YES;
				GCC_WARN_UNUSED_VARIABLE = YES;
				IPHONEOS_DEPLOYMENT_TARGET = 8.1;
				MTL_ENABLE_DEBUG_INFO = NO;
				SDKROOT = iphoneos;
				VALIDATE_PRODUCT = YES;
			};
			name = Release;
		};
		5A5846551B50A87800BF174E /* Debug */ = {
			isa = XCBuildConfiguration;
			buildSettings = {
				ASSETCATALOG_COMPILER_APPICON_NAME = AppIcon;
				INFOPLIST_FILE = catyears/Info.plist;
				LD_RUNPATH_SEARCH_PATHS = "$(inherited) @executable_path/Frameworks";
				PRODUCT_NAME = "$(TARGET_NAME)";
			};
			name = Debug;
		};
		5A5846561B50A87800BF174E /* Release */ = {
			isa = XCBuildConfiguration;
			buildSettings = {
				ASSETCATALOG_COMPILER_APPICON_NAME = AppIcon;
				INFOPLIST_FILE = catyears/Info.plist;
				LD_RUNPATH_SEARCH_PATHS = "$(inherited) @executable_path/Frameworks";
				PRODUCT_NAME = "$(TARGET_NAME)";
			};
			name = Release;
		};
		5A5846581B50A87800BF174E /* Debug */ = {
			isa = XCBuildConfiguration;
			buildSettings = {
				BUNDLE_LOADER = "$(TEST_HOST)";
				FRAMEWORK_SEARCH_PATHS = (
					"$(SDKROOT)/Developer/Library/Frameworks",
					"$(inherited)",
				);
				GCC_PREPROCESSOR_DEFINITIONS = (
					"DEBUG=1",
					"$(inherited)",
				);
				INFOPLIST_FILE = catyearsTests/Info.plist;
				LD_RUNPATH_SEARCH_PATHS = "$(inherited) @executable_path/Frameworks @loader_path/Frameworks";
				PRODUCT_NAME = "$(TARGET_NAME)";
				TEST_HOST = "$(BUILT_PRODUCTS_DIR)/catyears.app/catyears";
			};
			name = Debug;
		};
		5A5846591B50A87800BF174E /* Release */ = {
			isa = XCBuildConfiguration;
			buildSettings = {
				BUNDLE_LOADER = "$(TEST_HOST)";
				FRAMEWORK_SEARCH_PATHS = (
					"$(SDKROOT)/Developer/Library/Frameworks",
					"$(inherited)",
				);
				INFOPLIST_FILE = catyearsTests/Info.plist;
				LD_RUNPATH_SEARCH_PATHS = "$(inherited) @executable_path/Frameworks @loader_path/Frameworks";
				PRODUCT_NAME = "$(TARGET_NAME)";
				TEST_HOST = "$(BUILT_PRODUCTS_DIR)/catyears.app/catyears";
			};
			name = Release;
		};
/* End XCBuildConfiguration section */

/* Begin XCConfigurationList section */
		5A5846301B50A87700BF174E /* Build configuration list for PBXProject "catyears" */ = {
			isa = XCConfigurationList;
			buildConfigurations = (
				5A5846521B50A87800BF174E /* Debug */,
				5A5846531B50A87800BF174E /* Release */,
			);
			defaultConfigurationIsVisible = 0;
			defaultConfigurationName = Release;
		};
		5A5846541B50A87800BF174E /* Build configuration list for PBXNativeTarget "catyears" */ = {
			isa = XCConfigurationList;
			buildConfigurations = (
				5A5846551B50A87800BF174E /* Debug */,
				5A5846561B50A87800BF174E /* Release */,
			);
			defaultConfigurationIsVisible = 0;
		};
		5A5846571B50A87800BF174E /* Build configuration list for PBXNativeTarget "catyearsTests" */ = {
			isa = XCConfigurationList;
			buildConfigurations = (
				5A5846581B50A87800BF174E /* Debug */,
				5A5846591B50A87800BF174E /* Release */,
			);
			defaultConfigurationIsVisible = 0;
		};
/* End XCConfigurationList section */
	};
	rootObject = 5A58462D1B50A87700BF174E /* Project object */;
}
