// !$*UTF8*$!
{
	archiveVersion = 1;
	classes = {
	};
	objectVersion = 46;
	objects = {

/* Begin PBXBuildFile section */
		5AA5D2D91B580EAC004D928B /* AppDelegate.swift in Sources */ = {isa = PBXBuildFile; fileRef = 5AA5D2D81B580EAC004D928B /* AppDelegate.swift */; };
		5AA5D2DB1B580EAC004D928B /* ViewController.swift in Sources */ = {isa = PBXBuildFile; fileRef = 5AA5D2DA1B580EAC004D928B /* ViewController.swift */; };
		5AA5D2DE1B580EAC004D928B /* Main.storyboard in Resources */ = {isa = PBXBuildFile; fileRef = 5AA5D2DC1B580EAC004D928B /* Main.storyboard */; };
		5AA5D2E01B580EAC004D928B /* Images.xcassets in Resources */ = {isa = PBXBuildFile; fileRef = 5AA5D2DF1B580EAC004D928B /* Images.xcassets */; };
		5AA5D2E31B580EAC004D928B /* LaunchScreen.xib in Resources */ = {isa = PBXBuildFile; fileRef = 5AA5D2E11B580EAC004D928B /* LaunchScreen.xib */; };
		5AA5D2EF1B580EAC004D928B /* primenumberTests.swift in Sources */ = {isa = PBXBuildFile; fileRef = 5AA5D2EE1B580EAC004D928B /* primenumberTests.swift */; };
/* End PBXBuildFile section */

/* Begin PBXContainerItemProxy section */
		5AA5D2E91B580EAC004D928B /* PBXContainerItemProxy */ = {
			isa = PBXContainerItemProxy;
			containerPortal = 5AA5D2CB1B580EAC004D928B /* Project object */;
			proxyType = 1;
			remoteGlobalIDString = 5AA5D2D21B580EAC004D928B;
			remoteInfo = primenumber;
		};
/* End PBXContainerItemProxy section */

/* Begin PBXFileReference section */
		5AA5D2D31B580EAC004D928B /* primenumber.app */ = {isa = PBXFileReference; explicitFileType = wrapper.application; includeInIndex = 0; path = primenumber.app; sourceTree = BUILT_PRODUCTS_DIR; };
		5AA5D2D71B580EAC004D928B /* Info.plist */ = {isa = PBXFileReference; lastKnownFileType = text.plist.xml; path = Info.plist; sourceTree = "<group>"; };
		5AA5D2D81B580EAC004D928B /* AppDelegate.swift */ = {isa = PBXFileReference; lastKnownFileType = sourcecode.swift; path = AppDelegate.swift; sourceTree = "<group>"; };
		5AA5D2DA1B580EAC004D928B /* ViewController.swift */ = {isa = PBXFileReference; lastKnownFileType = sourcecode.swift; path = ViewController.swift; sourceTree = "<group>"; };
		5AA5D2DD1B580EAC004D928B /* Base */ = {isa = PBXFileReference; lastKnownFileType = file.storyboard; name = Base; path = Base.lproj/Main.storyboard; sourceTree = "<group>"; };
		5AA5D2DF1B580EAC004D928B /* Images.xcassets */ = {isa = PBXFileReference; lastKnownFileType = folder.assetcatalog; path = Images.xcassets; sourceTree = "<group>"; };
		5AA5D2E21B580EAC004D928B /* Base */ = {isa = PBXFileReference; lastKnownFileType = file.xib; name = Base; path = Base.lproj/LaunchScreen.xib; sourceTree = "<group>"; };
		5AA5D2E81B580EAC004D928B /* primenumberTests.xctest */ = {isa = PBXFileReference; explicitFileType = wrapper.cfbundle; includeInIndex = 0; path = primenumberTests.xctest; sourceTree = BUILT_PRODUCTS_DIR; };
		5AA5D2ED1B580EAC004D928B /* Info.plist */ = {isa = PBXFileReference; lastKnownFileType = text.plist.xml; path = Info.plist; sourceTree = "<group>"; };
		5AA5D2EE1B580EAC004D928B /* primenumberTests.swift */ = {isa = PBXFileReference; lastKnownFileType = sourcecode.swift; path = primenumberTests.swift; sourceTree = "<group>"; };
/* End PBXFileReference section */

/* Begin PBXFrameworksBuildPhase section */
		5AA5D2D01B580EAC004D928B /* Frameworks */ = {
			isa = PBXFrameworksBuildPhase;
			buildActionMask = 2147483647;
			files = (
			);
			runOnlyForDeploymentPostprocessing = 0;
		};
		5AA5D2E51B580EAC004D928B /* Frameworks */ = {
			isa = PBXFrameworksBuildPhase;
			buildActionMask = 2147483647;
			files = (
			);
			runOnlyForDeploymentPostprocessing = 0;
		};
/* End PBXFrameworksBuildPhase section */

/* Begin PBXGroup section */
		5AA5D2CA1B580EAC004D928B = {
			isa = PBXGroup;
			children = (
				5AA5D2D51B580EAC004D928B /* primenumber */,
				5AA5D2EB1B580EAC004D928B /* primenumberTests */,
				5AA5D2D41B580EAC004D928B /* Products */,
			);
			sourceTree = "<group>";
		};
		5AA5D2D41B580EAC004D928B /* Products */ = {
			isa = PBXGroup;
			children = (
				5AA5D2D31B580EAC004D928B /* primenumber.app */,
				5AA5D2E81B580EAC004D928B /* primenumberTests.xctest */,
			);
			name = Products;
			sourceTree = "<group>";
		};
		5AA5D2D51B580EAC004D928B /* primenumber */ = {
			isa = PBXGroup;
			children = (
				5AA5D2D81B580EAC004D928B /* AppDelegate.swift */,
				5AA5D2DA1B580EAC004D928B /* ViewController.swift */,
				5AA5D2DC1B580EAC004D928B /* Main.storyboard */,
				5AA5D2DF1B580EAC004D928B /* Images.xcassets */,
				5AA5D2E11B580EAC004D928B /* LaunchScreen.xib */,
				5AA5D2D61B580EAC004D928B /* Supporting Files */,
			);
			path = primenumber;
			sourceTree = "<group>";
		};
		5AA5D2D61B580EAC004D928B /* Supporting Files */ = {
			isa = PBXGroup;
			children = (
				5AA5D2D71B580EAC004D928B /* Info.plist */,
			);
			name = "Supporting Files";
			sourceTree = "<group>";
		};
		5AA5D2EB1B580EAC004D928B /* primenumberTests */ = {
			isa = PBXGroup;
			children = (
				5AA5D2EE1B580EAC004D928B /* primenumberTests.swift */,
				5AA5D2EC1B580EAC004D928B /* Supporting Files */,
			);
			path = primenumberTests;
			sourceTree = "<group>";
		};
		5AA5D2EC1B580EAC004D928B /* Supporting Files */ = {
			isa = PBXGroup;
			children = (
				5AA5D2ED1B580EAC004D928B /* Info.plist */,
			);
			name = "Supporting Files";
			sourceTree = "<group>";
		};
/* End PBXGroup section */

/* Begin PBXNativeTarget section */
		5AA5D2D21B580EAC004D928B /* primenumber */ = {
			isa = PBXNativeTarget;
			buildConfigurationList = 5AA5D2F21B580EAC004D928B /* Build configuration list for PBXNativeTarget "primenumber" */;
			buildPhases = (
				5AA5D2CF1B580EAC004D928B /* Sources */,
				5AA5D2D01B580EAC004D928B /* Frameworks */,
				5AA5D2D11B580EAC004D928B /* Resources */,
			);
			buildRules = (
			);
			dependencies = (
			);
			name = primenumber;
			productName = primenumber;
			productReference = 5AA5D2D31B580EAC004D928B /* primenumber.app */;
			productType = "com.apple.product-type.application";
		};
		5AA5D2E71B580EAC004D928B /* primenumberTests */ = {
			isa = PBXNativeTarget;
			buildConfigurationList = 5AA5D2F51B580EAC004D928B /* Build configuration list for PBXNativeTarget "primenumberTests" */;
			buildPhases = (
				5AA5D2E41B580EAC004D928B /* Sources */,
				5AA5D2E51B580EAC004D928B /* Frameworks */,
				5AA5D2E61B580EAC004D928B /* Resources */,
			);
			buildRules = (
			);
			dependencies = (
				5AA5D2EA1B580EAC004D928B /* PBXTargetDependency */,
			);
			name = primenumberTests;
			productName = primenumberTests;
			productReference = 5AA5D2E81B580EAC004D928B /* primenumberTests.xctest */;
			productType = "com.apple.product-type.bundle.unit-test";
		};
/* End PBXNativeTarget section */

/* Begin PBXProject section */
		5AA5D2CB1B580EAC004D928B /* Project object */ = {
			isa = PBXProject;
			attributes = {
				LastUpgradeCheck = 0610;
				ORGANIZATIONNAME = "Krish Venkat";
				TargetAttributes = {
					5AA5D2D21B580EAC004D928B = {
						CreatedOnToolsVersion = 6.1.1;
					};
					5AA5D2E71B580EAC004D928B = {
						CreatedOnToolsVersion = 6.1.1;
						TestTargetID = 5AA5D2D21B580EAC004D928B;
					};
				};
			};
			buildConfigurationList = 5AA5D2CE1B580EAC004D928B /* Build configuration list for PBXProject "primenumber" */;
			compatibilityVersion = "Xcode 3.2";
			developmentRegion = English;
			hasScannedForEncodings = 0;
			knownRegions = (
				en,
				Base,
			);
			mainGroup = 5AA5D2CA1B580EAC004D928B;
			productRefGroup = 5AA5D2D41B580EAC004D928B /* Products */;
			projectDirPath = "";
			projectRoot = "";
			targets = (
				5AA5D2D21B580EAC004D928B /* primenumber */,
				5AA5D2E71B580EAC004D928B /* primenumberTests */,
			);
		};
/* End PBXProject section */

/* Begin PBXResourcesBuildPhase section */
		5AA5D2D11B580EAC004D928B /* Resources */ = {
			isa = PBXResourcesBuildPhase;
			buildActionMask = 2147483647;
			files = (
				5AA5D2DE1B580EAC004D928B /* Main.storyboard in Resources */,
				5AA5D2E31B580EAC004D928B /* LaunchScreen.xib in Resources */,
				5AA5D2E01B580EAC004D928B /* Images.xcassets in Resources */,
			);
			runOnlyForDeploymentPostprocessing = 0;
		};
		5AA5D2E61B580EAC004D928B /* Resources */ = {
			isa = PBXResourcesBuildPhase;
			buildActionMask = 2147483647;
			files = (
			);
			runOnlyForDeploymentPostprocessing = 0;
		};
/* End PBXResourcesBuildPhase section */

/* Begin PBXSourcesBuildPhase section */
		5AA5D2CF1B580EAC004D928B /* Sources */ = {
			isa = PBXSourcesBuildPhase;
			buildActionMask = 2147483647;
			files = (
				5AA5D2DB1B580EAC004D928B /* ViewController.swift in Sources */,
				5AA5D2D91B580EAC004D928B /* AppDelegate.swift in Sources */,
			);
			runOnlyForDeploymentPostprocessing = 0;
		};
		5AA5D2E41B580EAC004D928B /* Sources */ = {
			isa = PBXSourcesBuildPhase;
			buildActionMask = 2147483647;
			files = (
				5AA5D2EF1B580EAC004D928B /* primenumberTests.swift in Sources */,
			);
			runOnlyForDeploymentPostprocessing = 0;
		};
/* End PBXSourcesBuildPhase section */

/* Begin PBXTargetDependency section */
		5AA5D2EA1B580EAC004D928B /* PBXTargetDependency */ = {
			isa = PBXTargetDependency;
			target = 5AA5D2D21B580EAC004D928B /* primenumber */;
			targetProxy = 5AA5D2E91B580EAC004D928B /* PBXContainerItemProxy */;
		};
/* End PBXTargetDependency section */

/* Begin PBXVariantGroup section */
		5AA5D2DC1B580EAC004D928B /* Main.storyboard */ = {
			isa = PBXVariantGroup;
			children = (
				5AA5D2DD1B580EAC004D928B /* Base */,
			);
			name = Main.storyboard;
			sourceTree = "<group>";
		};
		5AA5D2E11B580EAC004D928B /* LaunchScreen.xib */ = {
			isa = PBXVariantGroup;
			children = (
				5AA5D2E21B580EAC004D928B /* Base */,
			);
			name = LaunchScreen.xib;
			sourceTree = "<group>";
		};
/* End PBXVariantGroup section */

/* Begin XCBuildConfiguration section */
		5AA5D2F01B580EAC004D928B /* Debug */ = {
			isa = XCBuildConfiguration;
			buildSettings = {
				ALWAYS_SEARCH_USER_PATHS = NO;
				CLANG_CXX_LANGUAGE_STANDARD = "gnu++0x";
				CLANG_CXX_LIBRARY = "libc++";
				CLANG_ENABLE_MODULES = YES;
				CLANG_ENABLE_OBJC_ARC = YES;
				CLANG_WARN_BOOL_CONVERSION = YES;
				CLANG_WARN_CONSTANT_CONVERSION = YES;
				CLANG_WARN_DIRECT_OBJC_ISA_USAGE = YES_ERROR;
				CLANG_WARN_EMPTY_BODY = YES;
				CLANG_WARN_ENUM_CONVERSION = YES;
				CLANG_WARN_INT_CONVERSION = YES;
				CLANG_WARN_OBJC_ROOT_CLASS = YES_ERROR;
				CLANG_WARN_UNREACHABLE_CODE = YES;
				CLANG_WARN__DUPLICATE_METHOD_MATCH = YES;
				"CODE_SIGN_IDENTITY[sdk=iphoneos*]" = "iPhone Developer";
				COPY_PHASE_STRIP = NO;
				ENABLE_STRICT_OBJC_MSGSEND = YES;
				GCC_C_LANGUAGE_STANDARD = gnu99;
				GCC_DYNAMIC_NO_PIC = NO;
				GCC_OPTIMIZATION_LEVEL = 0;
				GCC_PREPROCESSOR_DEFINITIONS = (
					"DEBUG=1",
					"$(inherited)",
				);
				GCC_SYMBOLS_PRIVATE_EXTERN = NO;
				GCC_WARN_64_TO_32_BIT_CONVERSION = YES;
				GCC_WARN_ABOUT_RETURN_TYPE = YES_ERROR;
				GCC_WARN_UNDECLARED_SELECTOR = YES;
				GCC_WARN_UNINITIALIZED_AUTOS = YES_AGGRESSIVE;
				GCC_WARN_UNUSED_FUNCTION = YES;
				GCC_WARN_UNUSED_VARIABLE = YES;
				IPHONEOS_DEPLOYMENT_TARGET = 8.1;
				MTL_ENABLE_DEBUG_INFO = YES;
				ONLY_ACTIVE_ARCH = YES;
				SDKROOT = iphoneos;
				SWIFT_OPTIMIZATION_LEVEL = "-Onone";
			};
			name = Debug;
		};
		5AA5D2F11B580EAC004D928B /* Release */ = {
			isa = XCBuildConfiguration;
			buildSettings = {
				ALWAYS_SEARCH_USER_PATHS = NO;
				CLANG_CXX_LANGUAGE_STANDARD = "gnu++0x";
				CLANG_CXX_LIBRARY = "libc++";
				CLANG_ENABLE_MODULES = YES;
				CLANG_ENABLE_OBJC_ARC = YES;
				CLANG_WARN_BOOL_CONVERSION = YES;
				CLANG_WARN_CONSTANT_CONVERSION = YES;
				CLANG_WARN_DIRECT_OBJC_ISA_USAGE = YES_ERROR;
				CLANG_WARN_EMPTY_BODY = YES;
				CLANG_WARN_ENUM_CONVERSION = YES;
				CLANG_WARN_INT_CONVERSION = YES;
				CLANG_WARN_OBJC_ROOT_CLASS = YES_ERROR;
				CLANG_WARN_UNREACHABLE_CODE = YES;
				CLANG_WARN__DUPLICATE_METHOD_MATCH = YES;
				"CODE_SIGN_IDENTITY[sdk=iphoneos*]" = "iPhone Developer";
				COPY_PHASE_STRIP = YES;
				ENABLE_NS_ASSERTIONS = NO;
				ENABLE_STRICT_OBJC_MSGSEND = YES;
				GCC_C_LANGUAGE_STANDARD = gnu99;
				GCC_WARN_64_TO_32_BIT_CONVERSION = YES;
				GCC_WARN_ABOUT_RETURN_TYPE = YES_ERROR;
				GCC_WARN_UNDECLARED_SELECTOR = YES;
				GCC_WARN_UNINITIALIZED_AUTOS = YES_AGGRESSIVE;
				GCC_WARN_UNUSED_FUNCTION = YES;
				GCC_WARN_UNUSED_VARIABLE = YES;
				IPHONEOS_DEPLOYMENT_TARGET = 8.1;
				MTL_ENABLE_DEBUG_INFO = NO;
				SDKROOT = iphoneos;
				VALIDATE_PRODUCT = YES;
			};
			name = Release;
		};
		5AA5D2F31B580EAC004D928B /* Debug */ = {
			isa = XCBuildConfiguration;
			buildSettings = {
				ASSETCATALOG_COMPILER_APPICON_NAME = AppIcon;
				INFOPLIST_FILE = primenumber/Info.plist;
				LD_RUNPATH_SEARCH_PATHS = "$(inherited) @executable_path/Frameworks";
				PRODUCT_NAME = "$(TARGET_NAME)";
			};
			name = Debug;
		};
		5AA5D2F41B580EAC004D928B /* Release */ = {
			isa = XCBuildConfiguration;
			buildSettings = {
				ASSETCATALOG_COMPILER_APPICON_NAME = AppIcon;
				INFOPLIST_FILE = primenumber/Info.plist;
				LD_RUNPATH_SEARCH_PATHS = "$(inherited) @executable_path/Frameworks";
				PRODUCT_NAME = "$(TARGET_NAME)";
			};
			name = Release;
		};
		5AA5D2F61B580EAC004D928B /* Debug */ = {
			isa = XCBuildConfiguration;
			buildSettings = {
				BUNDLE_LOADER = "$(TEST_HOST)";
				FRAMEWORK_SEARCH_PATHS = (
					"$(SDKROOT)/Developer/Library/Frameworks",
					"$(inherited)",
				);
				GCC_PREPROCESSOR_DEFINITIONS = (
					"DEBUG=1",
					"$(inherited)",
				);
				INFOPLIST_FILE = primenumberTests/Info.plist;
				LD_RUNPATH_SEARCH_PATHS = "$(inherited) @executable_path/Frameworks @loader_path/Frameworks";
				PRODUCT_NAME = "$(TARGET_NAME)";
				TEST_HOST = "$(BUILT_PRODUCTS_DIR)/primenumber.app/primenumber";
			};
			name = Debug;
		};
		5AA5D2F71B580EAC004D928B /* Release */ = {
			isa = XCBuildConfiguration;
			buildSettings = {
				BUNDLE_LOADER = "$(TEST_HOST)";
				FRAMEWORK_SEARCH_PATHS = (
					"$(SDKROOT)/Developer/Library/Frameworks",
					"$(inherited)",
				);
				INFOPLIST_FILE = primenumberTests/Info.plist;
				LD_RUNPATH_SEARCH_PATHS = "$(inherited) @executable_path/Frameworks @loader_path/Frameworks";
				PRODUCT_NAME = "$(TARGET_NAME)";
				TEST_HOST = "$(BUILT_PRODUCTS_DIR)/primenumber.app/primenumber";
			};
			name = Release;
		};
/* End XCBuildConfiguration section */

/* Begin XCConfigurationList section */
		5AA5D2CE1B580EAC004D928B /* Build configuration list for PBXProject "primenumber" */ = {
			isa = XCConfigurationList;
			buildConfigurations = (
				5AA5D2F01B580EAC004D928B /* Debug */,
				5AA5D2F11B580EAC004D928B /* Release */,
			);
			defaultConfigurationIsVisible = 0;
			defaultConfigurationName = Release;
		};
		5AA5D2F21B580EAC004D928B /* Build configuration list for PBXNativeTarget "primenumber" */ = {
			isa = XCConfigurationList;
			buildConfigurations = (
				5AA5D2F31B580EAC004D928B /* Debug */,
				5AA5D2F41B580EAC004D928B /* Release */,
			);
			defaultConfigurationIsVisible = 0;
		};
		5AA5D2F51B580EAC004D928B /* Build configuration list for PBXNativeTarget "primenumberTests" */ = {
			isa = XCConfigurationList;
			buildConfigurations = (
				5AA5D2F61B580EAC004D928B /* Debug */,
				5AA5D2F71B580EAC004D928B /* Release */,
			);
			defaultConfigurationIsVisible = 0;
		};
/* End XCConfigurationList section */
	};
	rootObject = 5AA5D2CB1B580EAC004D928B /* Project object */;
}
