// !$*UTF8*$!
{
	archiveVersion = 1;
	classes = {
	};
	objectVersion = 46;
	objects = {

/* Begin PBXBuildFile section */
		5ABE69E61B6DA5EA00870F2A /* AppDelegate.swift in Sources */ = {isa = PBXBuildFile; fileRef = 5ABE69E51B6DA5EA00870F2A /* AppDelegate.swift */; };
		5ABE69E81B6DA5EA00870F2A /* ViewController.swift in Sources */ = {isa = PBXBuildFile; fileRef = 5ABE69E71B6DA5EA00870F2A /* ViewController.swift */; };
		5ABE69EB1B6DA5EA00870F2A /* Main.storyboard in Resources */ = {isa = PBXBuildFile; fileRef = 5ABE69E91B6DA5EA00870F2A /* Main.storyboard */; };
		5ABE69ED1B6DA5EA00870F2A /* Images.xcassets in Resources */ = {isa = PBXBuildFile; fileRef = 5ABE69EC1B6DA5EA00870F2A /* Images.xcassets */; };
		5ABE69F01B6DA5EA00870F2A /* LaunchScreen.xib in Resources */ = {isa = PBXBuildFile; fileRef = 5ABE69EE1B6DA5EA00870F2A /* LaunchScreen.xib */; };
		5ABE69FC1B6DA5EA00870F2A /* sliderTests.swift in Sources */ = {isa = PBXBuildFile; fileRef = 5ABE69FB1B6DA5EA00870F2A /* sliderTests.swift */; };
/* End PBXBuildFile section */

/* Begin PBXContainerItemProxy section */
		5ABE69F61B6DA5EA00870F2A /* PBXContainerItemProxy */ = {
			isa = PBXContainerItemProxy;
			containerPortal = 5ABE69D81B6DA5EA00870F2A /* Project object */;
			proxyType = 1;
			remoteGlobalIDString = 5ABE69DF1B6DA5EA00870F2A;
			remoteInfo = slider;
		};
/* End PBXContainerItemProxy section */

/* Begin PBXFileReference section */
		5ABE69E01B6DA5EA00870F2A /* slider.app */ = {isa = PBXFileReference; explicitFileType = wrapper.application; includeInIndex = 0; path = slider.app; sourceTree = BUILT_PRODUCTS_DIR; };
		5ABE69E41B6DA5EA00870F2A /* Info.plist */ = {isa = PBXFileReference; lastKnownFileType = text.plist.xml; path = Info.plist; sourceTree = "<group>"; };
		5ABE69E51B6DA5EA00870F2A /* AppDelegate.swift */ = {isa = PBXFileReference; lastKnownFileType = sourcecode.swift; path = AppDelegate.swift; sourceTree = "<group>"; };
		5ABE69E71B6DA5EA00870F2A /* ViewController.swift */ = {isa = PBXFileReference; lastKnownFileType = sourcecode.swift; path = ViewController.swift; sourceTree = "<group>"; };
		5ABE69EA1B6DA5EA00870F2A /* Base */ = {isa = PBXFileReference; lastKnownFileType = file.storyboard; name = Base; path = Base.lproj/Main.storyboard; sourceTree = "<group>"; };
		5ABE69EC1B6DA5EA00870F2A /* Images.xcassets */ = {isa = PBXFileReference; lastKnownFileType = folder.assetcatalog; path = Images.xcassets; sourceTree = "<group>"; };
		5ABE69EF1B6DA5EA00870F2A /* Base */ = {isa = PBXFileReference; lastKnownFileType = file.xib; name = Base; path = Base.lproj/LaunchScreen.xib; sourceTree = "<group>"; };
		5ABE69F51B6DA5EA00870F2A /* sliderTests.xctest */ = {isa = PBXFileReference; explicitFileType = wrapper.cfbundle; includeInIndex = 0; path = sliderTests.xctest; sourceTree = BUILT_PRODUCTS_DIR; };
		5ABE69FA1B6DA5EA00870F2A /* Info.plist */ = {isa = PBXFileReference; lastKnownFileType = text.plist.xml; path = Info.plist; sourceTree = "<group>"; };
		5ABE69FB1B6DA5EA00870F2A /* sliderTests.swift */ = {isa = PBXFileReference; lastKnownFileType = sourcecode.swift; path = sliderTests.swift; sourceTree = "<group>"; };
/* End PBXFileReference section */

/* Begin PBXFrameworksBuildPhase section */
		5ABE69DD1B6DA5EA00870F2A /* Frameworks */ = {
			isa = PBXFrameworksBuildPhase;
			buildActionMask = 2147483647;
			files = (
			);
			runOnlyForDeploymentPostprocessing = 0;
		};
		5ABE69F21B6DA5EA00870F2A /* Frameworks */ = {
			isa = PBXFrameworksBuildPhase;
			buildActionMask = 2147483647;
			files = (
			);
			runOnlyForDeploymentPostprocessing = 0;
		};
/* End PBXFrameworksBuildPhase section */

/* Begin PBXGroup section */
		5ABE69D71B6DA5EA00870F2A = {
			isa = PBXGroup;
			children = (
				5ABE69E21B6DA5EA00870F2A /* slider */,
				5ABE69F81B6DA5EA00870F2A /* sliderTests */,
				5ABE69E11B6DA5EA00870F2A /* Products */,
			);
			sourceTree = "<group>";
		};
		5ABE69E11B6DA5EA00870F2A /* Products */ = {
			isa = PBXGroup;
			children = (
				5ABE69E01B6DA5EA00870F2A /* slider.app */,
				5ABE69F51B6DA5EA00870F2A /* sliderTests.xctest */,
			);
			name = Products;
			sourceTree = "<group>";
		};
		5ABE69E21B6DA5EA00870F2A /* slider */ = {
			isa = PBXGroup;
			children = (
				5ABE69E51B6DA5EA00870F2A /* AppDelegate.swift */,
				5ABE69E71B6DA5EA00870F2A /* ViewController.swift */,
				5ABE69E91B6DA5EA00870F2A /* Main.storyboard */,
				5ABE69EC1B6DA5EA00870F2A /* Images.xcassets */,
				5ABE69EE1B6DA5EA00870F2A /* LaunchScreen.xib */,
				5ABE69E31B6DA5EA00870F2A /* Supporting Files */,
			);
			path = slider;
			sourceTree = "<group>";
		};
		5ABE69E31B6DA5EA00870F2A /* Supporting Files */ = {
			isa = PBXGroup;
			children = (
				5ABE69E41B6DA5EA00870F2A /* Info.plist */,
			);
			name = "Supporting Files";
			sourceTree = "<group>";
		};
		5ABE69F81B6DA5EA00870F2A /* sliderTests */ = {
			isa = PBXGroup;
			children = (
				5ABE69FB1B6DA5EA00870F2A /* sliderTests.swift */,
				5ABE69F91B6DA5EA00870F2A /* Supporting Files */,
			);
			path = sliderTests;
			sourceTree = "<group>";
		};
		5ABE69F91B6DA5EA00870F2A /* Supporting Files */ = {
			isa = PBXGroup;
			children = (
				5ABE69FA1B6DA5EA00870F2A /* Info.plist */,
			);
			name = "Supporting Files";
			sourceTree = "<group>";
		};
/* End PBXGroup section */

/* Begin PBXNativeTarget section */
		5ABE69DF1B6DA5EA00870F2A /* slider */ = {
			isa = PBXNativeTarget;
			buildConfigurationList = 5ABE69FF1B6DA5EA00870F2A /* Build configuration list for PBXNativeTarget "slider" */;
			buildPhases = (
				5ABE69DC1B6DA5EA00870F2A /* Sources */,
				5ABE69DD1B6DA5EA00870F2A /* Frameworks */,
				5ABE69DE1B6DA5EA00870F2A /* Resources */,
			);
			buildRules = (
			);
			dependencies = (
			);
			name = slider;
			productName = slider;
			productReference = 5ABE69E01B6DA5EA00870F2A /* slider.app */;
			productType = "com.apple.product-type.application";
		};
		5ABE69F41B6DA5EA00870F2A /* sliderTests */ = {
			isa = PBXNativeTarget;
			buildConfigurationList = 5ABE6A021B6DA5EA00870F2A /* Build configuration list for PBXNativeTarget "sliderTests" */;
			buildPhases = (
				5ABE69F11B6DA5EA00870F2A /* Sources */,
				5ABE69F21B6DA5EA00870F2A /* Frameworks */,
				5ABE69F31B6DA5EA00870F2A /* Resources */,
			);
			buildRules = (
			);
			dependencies = (
				5ABE69F71B6DA5EA00870F2A /* PBXTargetDependency */,
			);
			name = sliderTests;
			productName = sliderTests;
			productReference = 5ABE69F51B6DA5EA00870F2A /* sliderTests.xctest */;
			productType = "com.apple.product-type.bundle.unit-test";
		};
/* End PBXNativeTarget section */

/* Begin PBXProject section */
		5ABE69D81B6DA5EA00870F2A /* Project object */ = {
			isa = PBXProject;
			attributes = {
				LastUpgradeCheck = 0610;
				ORGANIZATIONNAME = "Krish Venkat";
				TargetAttributes = {
					5ABE69DF1B6DA5EA00870F2A = {
						CreatedOnToolsVersion = 6.1.1;
					};
					5ABE69F41B6DA5EA00870F2A = {
						CreatedOnToolsVersion = 6.1.1;
						TestTargetID = 5ABE69DF1B6DA5EA00870F2A;
					};
				};
			};
			buildConfigurationList = 5ABE69DB1B6DA5EA00870F2A /* Build configuration list for PBXProject "slider" */;
			compatibilityVersion = "Xcode 3.2";
			developmentRegion = English;
			hasScannedForEncodings = 0;
			knownRegions = (
				en,
				Base,
			);
			mainGroup = 5ABE69D71B6DA5EA00870F2A;
			productRefGroup = 5ABE69E11B6DA5EA00870F2A /* Products */;
			projectDirPath = "";
			projectRoot = "";
			targets = (
				5ABE69DF1B6DA5EA00870F2A /* slider */,
				5ABE69F41B6DA5EA00870F2A /* sliderTests */,
			);
		};
/* End PBXProject section */

/* Begin PBXResourcesBuildPhase section */
		5ABE69DE1B6DA5EA00870F2A /* Resources */ = {
			isa = PBXResourcesBuildPhase;
			buildActionMask = 2147483647;
			files = (
				5ABE69EB1B6DA5EA00870F2A /* Main.storyboard in Resources */,
				5ABE69F01B6DA5EA00870F2A /* LaunchScreen.xib in Resources */,
				5ABE69ED1B6DA5EA00870F2A /* Images.xcassets in Resources */,
			);
			runOnlyForDeploymentPostprocessing = 0;
		};
		5ABE69F31B6DA5EA00870F2A /* Resources */ = {
			isa = PBXResourcesBuildPhase;
			buildActionMask = 2147483647;
			files = (
			);
			runOnlyForDeploymentPostprocessing = 0;
		};
/* End PBXResourcesBuildPhase section */

/* Begin PBXSourcesBuildPhase section */
		5ABE69DC1B6DA5EA00870F2A /* Sources */ = {
			isa = PBXSourcesBuildPhase;
			buildActionMask = 2147483647;
			files = (
				5ABE69E81B6DA5EA00870F2A /* ViewController.swift in Sources */,
				5ABE69E61B6DA5EA00870F2A /* AppDelegate.swift in Sources */,
			);
			runOnlyForDeploymentPostprocessing = 0;
		};
		5ABE69F11B6DA5EA00870F2A /* Sources */ = {
			isa = PBXSourcesBuildPhase;
			buildActionMask = 2147483647;
			files = (
				5ABE69FC1B6DA5EA00870F2A /* sliderTests.swift in Sources */,
			);
			runOnlyForDeploymentPostprocessing = 0;
		};
/* End PBXSourcesBuildPhase section */

/* Begin PBXTargetDependency section */
		5ABE69F71B6DA5EA00870F2A /* PBXTargetDependency */ = {
			isa = PBXTargetDependency;
			target = 5ABE69DF1B6DA5EA00870F2A /* slider */;
			targetProxy = 5ABE69F61B6DA5EA00870F2A /* PBXContainerItemProxy */;
		};
/* End PBXTargetDependency section */

/* Begin PBXVariantGroup section */
		5ABE69E91B6DA5EA00870F2A /* Main.storyboard */ = {
			isa = PBXVariantGroup;
			children = (
				5ABE69EA1B6DA5EA00870F2A /* Base */,
			);
			name = Main.storyboard;
			sourceTree = "<group>";
		};
		5ABE69EE1B6DA5EA00870F2A /* LaunchScreen.xib */ = {
			isa = PBXVariantGroup;
			children = (
				5ABE69EF1B6DA5EA00870F2A /* Base */,
			);
			name = LaunchScreen.xib;
			sourceTree = "<group>";
		};
/* End PBXVariantGroup section */

/* Begin XCBuildConfiguration section */
		5ABE69FD1B6DA5EA00870F2A /* Debug */ = {
			isa = XCBuildConfiguration;
			buildSettings = {
				ALWAYS_SEARCH_USER_PATHS = NO;
				CLANG_CXX_LANGUAGE_STANDARD = "gnu++0x";
				CLANG_CXX_LIBRARY = "libc++";
				CLANG_ENABLE_MODULES = YES;
				CLANG_ENABLE_OBJC_ARC = YES;
				CLANG_WARN_BOOL_CONVERSION = YES;
				CLANG_WARN_CONSTANT_CONVERSION = YES;
				CLANG_WARN_DIRECT_OBJC_ISA_USAGE = YES_ERROR;
				CLANG_WARN_EMPTY_BODY = YES;
				CLANG_WARN_ENUM_CONVERSION = YES;
				CLANG_WARN_INT_CONVERSION = YES;
				CLANG_WARN_OBJC_ROOT_CLASS = YES_ERROR;
				CLANG_WARN_UNREACHABLE_CODE = YES;
				CLANG_WARN__DUPLICATE_METHOD_MATCH = YES;
				"CODE_SIGN_IDENTITY[sdk=iphoneos*]" = "iPhone Developer";
				COPY_PHASE_STRIP = NO;
				ENABLE_STRICT_OBJC_MSGSEND = YES;
				GCC_C_LANGUAGE_STANDARD = gnu99;
				GCC_DYNAMIC_NO_PIC = NO;
				GCC_OPTIMIZATION_LEVEL = 0;
				GCC_PREPROCESSOR_DEFINITIONS = (
					"DEBUG=1",
					"$(inherited)",
				);
				GCC_SYMBOLS_PRIVATE_EXTERN = NO;
				GCC_WARN_64_TO_32_BIT_CONVERSION = YES;
				GCC_WARN_ABOUT_RETURN_TYPE = YES_ERROR;
				GCC_WARN_UNDECLARED_SELECTOR = YES;
				GCC_WARN_UNINITIALIZED_AUTOS = YES_AGGRESSIVE;
				GCC_WARN_UNUSED_FUNCTION = YES;
				GCC_WARN_UNUSED_VARIABLE = YES;
				IPHONEOS_DEPLOYMENT_TARGET = 8.1;
				MTL_ENABLE_DEBUG_INFO = YES;
				ONLY_ACTIVE_ARCH = YES;
				SDKROOT = iphoneos;
				SWIFT_OPTIMIZATION_LEVEL = "-Onone";
			};
			name = Debug;
		};
		5ABE69FE1B6DA5EA00870F2A /* Release */ = {
			isa = XCBuildConfiguration;
			buildSettings = {
				ALWAYS_SEARCH_USER_PATHS = NO;
				CLANG_CXX_LANGUAGE_STANDARD = "gnu++0x";
				CLANG_CXX_LIBRARY = "libc++";
				CLANG_ENABLE_MODULES = YES;
				CLANG_ENABLE_OBJC_ARC = YES;
				CLANG_WARN_BOOL_CONVERSION = YES;
				CLANG_WARN_CONSTANT_CONVERSION = YES;
				CLANG_WARN_DIRECT_OBJC_ISA_USAGE = YES_ERROR;
				CLANG_WARN_EMPTY_BODY = YES;
				CLANG_WARN_ENUM_CONVERSION = YES;
				CLANG_WARN_INT_CONVERSION = YES;
				CLANG_WARN_OBJC_ROOT_CLASS = YES_ERROR;
				CLANG_WARN_UNREACHABLE_CODE = YES;
				CLANG_WARN__DUPLICATE_METHOD_MATCH = YES;
				"CODE_SIGN_IDENTITY[sdk=iphoneos*]" = "iPhone Developer";
				COPY_PHASE_STRIP = YES;
				ENABLE_NS_ASSERTIONS = NO;
				ENABLE_STRICT_OBJC_MSGSEND = YES;
				GCC_C_LANGUAGE_STANDARD = gnu99;
				GCC_WARN_64_TO_32_BIT_CONVERSION = YES;
				GCC_WARN_ABOUT_RETURN_TYPE = YES_ERROR;
				GCC_WARN_UNDECLARED_SELECTOR = YES;
				GCC_WARN_UNINITIALIZED_AUTOS = YES_AGGRESSIVE;
				GCC_WARN_UNUSED_FUNCTION = YES;
				GCC_WARN_UNUSED_VARIABLE = YES;
				IPHONEOS_DEPLOYMENT_TARGET = 8.1;
				MTL_ENABLE_DEBUG_INFO = NO;
				SDKROOT = iphoneos;
				VALIDATE_PRODUCT = YES;
			};
			name = Release;
		};
		5ABE6A001B6DA5EA00870F2A /* Debug */ = {
			isa = XCBuildConfiguration;
			buildSettings = {
				ASSETCATALOG_COMPILER_APPICON_NAME = AppIcon;
				INFOPLIST_FILE = slider/Info.plist;
				LD_RUNPATH_SEARCH_PATHS = "$(inherited) @executable_path/Frameworks";
				PRODUCT_NAME = "$(TARGET_NAME)";
			};
			name = Debug;
		};
		5ABE6A011B6DA5EA00870F2A /* Release */ = {
			isa = XCBuildConfiguration;
			buildSettings = {
				ASSETCATALOG_COMPILER_APPICON_NAME = AppIcon;
				INFOPLIST_FILE = slider/Info.plist;
				LD_RUNPATH_SEARCH_PATHS = "$(inherited) @executable_path/Frameworks";
				PRODUCT_NAME = "$(TARGET_NAME)";
			};
			name = Release;
		};
		5ABE6A031B6DA5EA00870F2A /* Debug */ = {
			isa = XCBuildConfiguration;
			buildSettings = {
				BUNDLE_LOADER = "$(TEST_HOST)";
				FRAMEWORK_SEARCH_PATHS = (
					"$(SDKROOT)/Developer/Library/Frameworks",
					"$(inherited)",
				);
				GCC_PREPROCESSOR_DEFINITIONS = (
					"DEBUG=1",
					"$(inherited)",
				);
				INFOPLIST_FILE = sliderTests/Info.plist;
				LD_RUNPATH_SEARCH_PATHS = "$(inherited) @executable_path/Frameworks @loader_path/Frameworks";
				PRODUCT_NAME = "$(TARGET_NAME)";
				TEST_HOST = "$(BUILT_PRODUCTS_DIR)/slider.app/slider";
			};
			name = Debug;
		};
		5ABE6A041B6DA5EA00870F2A /* Release */ = {
			isa = XCBuildConfiguration;
			buildSettings = {
				BUNDLE_LOADER = "$(TEST_HOST)";
				FRAMEWORK_SEARCH_PATHS = (
					"$(SDKROOT)/Developer/Library/Frameworks",
					"$(inherited)",
				);
				INFOPLIST_FILE = sliderTests/Info.plist;
				LD_RUNPATH_SEARCH_PATHS = "$(inherited) @executable_path/Frameworks @loader_path/Frameworks";
				PRODUCT_NAME = "$(TARGET_NAME)";
				TEST_HOST = "$(BUILT_PRODUCTS_DIR)/slider.app/slider";
			};
			name = Release;
		};
/* End XCBuildConfiguration section */

/* Begin XCConfigurationList section */
		5ABE69DB1B6DA5EA00870F2A /* Build configuration list for PBXProject "slider" */ = {
			isa = XCConfigurationList;
			buildConfigurations = (
				5ABE69FD1B6DA5EA00870F2A /* Debug */,
				5ABE69FE1B6DA5EA00870F2A /* Release */,
			);
			defaultConfigurationIsVisible = 0;
			defaultConfigurationName = Release;
		};
		5ABE69FF1B6DA5EA00870F2A /* Build configuration list for PBXNativeTarget "slider" */ = {
			isa = XCConfigurationList;
			buildConfigurations = (
				5ABE6A001B6DA5EA00870F2A /* Debug */,
				5ABE6A011B6DA5EA00870F2A /* Release */,
			);
			defaultConfigurationIsVisible = 0;
		};
		5ABE6A021B6DA5EA00870F2A /* Build configuration list for PBXNativeTarget "sliderTests" */ = {
			isa = XCConfigurationList;
			buildConfigurations = (
				5ABE6A031B6DA5EA00870F2A /* Debug */,
				5ABE6A041B6DA5EA00870F2A /* Release */,
			);
			defaultConfigurationIsVisible = 0;
		};
/* End XCConfigurationList section */
	};
	rootObject = 5ABE69D81B6DA5EA00870F2A /* Project object */;
}
